// !$*UTF8*$!
{
	archiveVersion = 1;
	classes = {
	};
	objectVersion = 56;
	objects = {

/* Begin PBXBuildFile section */
		12E11E398A51FD96A2075FA4 /* DreamEchoApp.swift in Sources */ = {isa = PBXBuildFile; fileRef = 07C9DA004552518770BFAA9F /* DreamEchoApp.swift */; };
		17063CFE0D9B7A66A28950DD /* RootTabView.swift in Sources */ = {isa = PBXBuildFile; fileRef = 50F953DBBCCF7A336290F30E /* RootTabView.swift */; };
		1F5F80A36812BDCAB45651DE /* Dream.swift in Sources */ = {isa = PBXBuildFile; fileRef = 4E84B1A0FD25D71E493EB7EC /* Dream.swift */; };
		21C03F5BB8F7E48CF7FD778B /* ToastView.swift in Sources */ = {isa = PBXBuildFile; fileRef = 98333651AB04319101AAB82B /* ToastView.swift */; };
		2F7292F56A1D20424468AAEF /* KeychainStore.swift in Sources */ = {isa = PBXBuildFile; fileRef = F1A3239396657FD1DDFABD9C /* KeychainStore.swift */; };
		33008CB9E3361428E383D57A /* NavigationCoordinator.swift in Sources */ = {isa = PBXBuildFile; fileRef = 305328DDD7C981AA9D131AB0 /* NavigationCoordinator.swift */; };
		52DD6474C6372214E765061E /* FlowLayout.swift in Sources */ = {isa = PBXBuildFile; fileRef = F49AF1AF6A938A0C6156F484 /* FlowLayout.swift */; };
		617F332693EBFF9ED74EA529 /* DreamEchoAppTests.swift in Sources */ = {isa = PBXBuildFile; fileRef = 85238BB47144A3B79323A570 /* DreamEchoAppTests.swift */; };
		78ECE00913329556F8DE3254 /* DreamCreationFlow.swift in Sources */ = {isa = PBXBuildFile; fileRef = 87AA8CBB04528FC563B6247C /* DreamCreationFlow.swift */; };
		926DE5E6C258265C672DD4D9 /* AppConfiguration.swift in Sources */ = {isa = PBXBuildFile; fileRef = 3B0037DBEF93251F167CA4D9 /* AppConfiguration.swift */; };
		A2205C87445A0707B446893C /* USDZViewer.swift in Sources */ = {isa = PBXBuildFile; fileRef = 18B6D6159508F1869AB275D8 /* USDZViewer.swift */; };
		B42148938A7185C50417C680 /* AuthService.swift in Sources */ = {isa = PBXBuildFile; fileRef = 8FDC59E50AF9198B1BE06B71 /* AuthService.swift */; };
		BA9F66B72E4EC38A84E2CA05 /* HapticsManager.swift in Sources */ = {isa = PBXBuildFile; fileRef = DDF6CA7D2032FBAA47231CCF /* HapticsManager.swift */; };
		BF2F6040AE3C352919B4F625 /* ProfileView.swift in Sources */ = {isa = PBXBuildFile; fileRef = EAFE86E3DC92157BB54B5E3B /* ProfileView.swift */; };
		BFCCC09EBA304421FC2ACC46 /* HomeView.swift in Sources */ = {isa = PBXBuildFile; fileRef = C745A5FECA0BF6CA73E3B544 /* HomeView.swift */; };
		C4ED3905D112A9C5178F3AEC /* ParticleBackground.swift in Sources */ = {isa = PBXBuildFile; fileRef = 34B4EF5138ADF56F4E694D47 /* ParticleBackground.swift */; };
		C842B859C958364AF6BC0AC1 /* DreamService.swift in Sources */ = {isa = PBXBuildFile; fileRef = 5EEA40869C78213FDBDB7C0A /* DreamService.swift */; };
		DB480236C8E19954E3412405 /* AppState.swift in Sources */ = {isa = PBXBuildFile; fileRef = 0B3D5F1D8189AA0C6DC01FE6 /* AppState.swift */; };
		E33B31A56EA1433A7E500FE9 /* APIClient.swift in Sources */ = {isa = PBXBuildFile; fileRef = FD548CEB88308FF5951CD9E4 /* APIClient.swift */; };
		EB9A2B90201404D0175D3D0D /* DreamStepIndicator.swift in Sources */ = {isa = PBXBuildFile; fileRef = BACD7B82472433DA73725578 /* DreamStepIndicator.swift */; };
		F9FD289E1919BBCE676E7598 /* DesignSystem.swift in Sources */ = {isa = PBXBuildFile; fileRef = 23A0E4B3E8392107B4D6CB19 /* DesignSystem.swift */; };
		FFE6831507823F2A8D995033 /* DreamLibraryView.swift in Sources */ = {isa = PBXBuildFile; fileRef = A4AB17E5355FDA9EF729379E /* DreamLibraryView.swift */; };
/* End PBXBuildFile section */

/* Begin PBXContainerItemProxy section */
		E75B81261EF9DCC635430717 /* PBXContainerItemProxy */ = {
			isa = PBXContainerItemProxy;
			containerPortal = B51955CFE2038E8274DD2905 /* Project object */;
			proxyType = 1;
			remoteGlobalIDString = 15B8D78AF3ACEF5421A44DFE;
			remoteInfo = DreamEcho;
		};
/* End PBXContainerItemProxy section */

/* Begin PBXFileReference section */
		03F92CB74FCE323F6100343B /* DreamEcho.app */ = {isa = PBXFileReference; explicitFileType = wrapper.application; includeInIndex = 0; path = DreamEcho.app; sourceTree = BUILT_PRODUCTS_DIR; };
		07C9DA004552518770BFAA9F /* DreamEchoApp.swift */ = {isa = PBXFileReference; lastKnownFileType = sourcecode.swift; path = DreamEchoApp.swift; sourceTree = "<group>"; };
		0B3D5F1D8189AA0C6DC01FE6 /* AppState.swift */ = {isa = PBXFileReference; lastKnownFileType = sourcecode.swift; path = AppState.swift; sourceTree = "<group>"; };
		18B6D6159508F1869AB275D8 /* USDZViewer.swift */ = {isa = PBXFileReference; lastKnownFileType = sourcecode.swift; path = USDZViewer.swift; sourceTree = "<group>"; };
		23A0E4B3E8392107B4D6CB19 /* DesignSystem.swift */ = {isa = PBXFileReference; lastKnownFileType = sourcecode.swift; path = DesignSystem.swift; sourceTree = "<group>"; };
		305328DDD7C981AA9D131AB0 /* NavigationCoordinator.swift */ = {isa = PBXFileReference; lastKnownFileType = sourcecode.swift; path = NavigationCoordinator.swift; sourceTree = "<group>"; };
		34B4EF5138ADF56F4E694D47 /* ParticleBackground.swift */ = {isa = PBXFileReference; lastKnownFileType = sourcecode.swift; path = ParticleBackground.swift; sourceTree = "<group>"; };
		3B0037DBEF93251F167CA4D9 /* AppConfiguration.swift */ = {isa = PBXFileReference; lastKnownFileType = sourcecode.swift; path = AppConfiguration.swift; sourceTree = "<group>"; };
		4E84B1A0FD25D71E493EB7EC /* Dream.swift */ = {isa = PBXFileReference; lastKnownFileType = sourcecode.swift; path = Dream.swift; sourceTree = "<group>"; };
		50F953DBBCCF7A336290F30E /* RootTabView.swift */ = {isa = PBXFileReference; lastKnownFileType = sourcecode.swift; path = RootTabView.swift; sourceTree = "<group>"; };
		5EEA40869C78213FDBDB7C0A /* DreamService.swift */ = {isa = PBXFileReference; lastKnownFileType = sourcecode.swift; path = DreamService.swift; sourceTree = "<group>"; };
		85238BB47144A3B79323A570 /* DreamEchoAppTests.swift */ = {isa = PBXFileReference; lastKnownFileType = sourcecode.swift; path = DreamEchoAppTests.swift; sourceTree = "<group>"; };
		87AA8CBB04528FC563B6247C /* DreamCreationFlow.swift */ = {isa = PBXFileReference; lastKnownFileType = sourcecode.swift; path = DreamCreationFlow.swift; sourceTree = "<group>"; };
		8FDC59E50AF9198B1BE06B71 /* AuthService.swift */ = {isa = PBXFileReference; lastKnownFileType = sourcecode.swift; path = AuthService.swift; sourceTree = "<group>"; };
		98333651AB04319101AAB82B /* ToastView.swift */ = {isa = PBXFileReference; lastKnownFileType = sourcecode.swift; path = ToastView.swift; sourceTree = "<group>"; };
		A4AB17E5355FDA9EF729379E /* DreamLibraryView.swift */ = {isa = PBXFileReference; lastKnownFileType = sourcecode.swift; path = DreamLibraryView.swift; sourceTree = "<group>"; };
		ABF5373431E355E1D2F0A228 /* DreamEcho.xctest */ = {isa = PBXFileReference; explicitFileType = wrapper.cfbundle; includeInIndex = 0; path = DreamEcho.xctest; sourceTree = BUILT_PRODUCTS_DIR; };
		BACD7B82472433DA73725578 /* DreamStepIndicator.swift */ = {isa = PBXFileReference; lastKnownFileType = sourcecode.swift; path = DreamStepIndicator.swift; sourceTree = "<group>"; };
		C745A5FECA0BF6CA73E3B544 /* HomeView.swift */ = {isa = PBXFileReference; lastKnownFileType = sourcecode.swift; path = HomeView.swift; sourceTree = "<group>"; };
		DDF6CA7D2032FBAA47231CCF /* HapticsManager.swift */ = {isa = PBXFileReference; lastKnownFileType = sourcecode.swift; path = HapticsManager.swift; sourceTree = "<group>"; };
		EAFE86E3DC92157BB54B5E3B /* ProfileView.swift */ = {isa = PBXFileReference; lastKnownFileType = sourcecode.swift; path = ProfileView.swift; sourceTree = "<group>"; };
		F1A3239396657FD1DDFABD9C /* KeychainStore.swift */ = {isa = PBXFileReference; lastKnownFileType = sourcecode.swift; path = KeychainStore.swift; sourceTree = "<group>"; };
		F49AF1AF6A938A0C6156F484 /* FlowLayout.swift */ = {isa = PBXFileReference; lastKnownFileType = sourcecode.swift; path = FlowLayout.swift; sourceTree = "<group>"; };
		FD548CEB88308FF5951CD9E4 /* APIClient.swift */ = {isa = PBXFileReference; lastKnownFileType = sourcecode.swift; path = APIClient.swift; sourceTree = "<group>"; };
/* End PBXFileReference section */

/* Begin PBXGroup section */
		1610EE19773111814DADD9B1 /* Models */ = {
			isa = PBXGroup;
			children = (
				4E84B1A0FD25D71E493EB7EC /* Dream.swift */,
			);
			path = Models;
			sourceTree = "<group>";
		};
		166A7A03253DCB6244526405 = {
			isa = PBXGroup;
			children = (
				94F6C7609022864B779F4AA3 /* DreamEchoApp */,
				30AEC528DE20541448807F1D /* Products */,
			);
			sourceTree = "<group>";
		};
		1D54E48A75DA3B479DFFA4AA /* Components */ = {
			isa = PBXGroup;
			children = (
				BACD7B82472433DA73725578 /* DreamStepIndicator.swift */,
				F49AF1AF6A938A0C6156F484 /* FlowLayout.swift */,
				34B4EF5138ADF56F4E694D47 /* ParticleBackground.swift */,
				18B6D6159508F1869AB275D8 /* USDZViewer.swift */,
			);
			path = Components;
			sourceTree = "<group>";
		};
		1F6FCED3D09FB8E1F893B525 /* ViewModels */ = {
			isa = PBXGroup;
			children = (
				0B3D5F1D8189AA0C6DC01FE6 /* AppState.swift */,
			);
			path = ViewModels;
			sourceTree = "<group>";
		};
		2380355E214C1C2F705167C3 /* Tests */ = {
			isa = PBXGroup;
			children = (
				85238BB47144A3B79323A570 /* DreamEchoAppTests.swift */,
			);
			path = Tests;
			sourceTree = "<group>";
		};
		30AEC528DE20541448807F1D /* Products */ = {
			isa = PBXGroup;
			children = (
				03F92CB74FCE323F6100343B /* DreamEcho.app */,
				ABF5373431E355E1D2F0A228 /* DreamEcho.xctest */,
			);
			name = Products;
			sourceTree = "<group>";
		};
		3C9A81F73C2FE8F34A1BDEC3 /* DesignSystem */ = {
			isa = PBXGroup;
			children = (
				23A0E4B3E8392107B4D6CB19 /* DesignSystem.swift */,
			);
			path = DesignSystem;
			sourceTree = "<group>";
		};
		3D1972464F259B1B2F43EBF7 /* Configuration */ = {
			isa = PBXGroup;
			children = (
				3B0037DBEF93251F167CA4D9 /* AppConfiguration.swift */,
			);
			path = Configuration;
			sourceTree = "<group>";
		};
		94F6C7609022864B779F4AA3 /* DreamEchoApp */ = {
			isa = PBXGroup;
			children = (
				E44E0DFF7E46964DA0C989AA /* Sources */,
				2380355E214C1C2F705167C3 /* Tests */,
			);
			path = DreamEchoApp;
			sourceTree = "<group>";
		};
		A6A0B1547FA89F4665011D06 /* Overlays */ = {
			isa = PBXGroup;
			children = (
				98333651AB04319101AAB82B /* ToastView.swift */,
			);
			path = Overlays;
			sourceTree = "<group>";
		};
		A6EA1F56A1E63E9BDC112D1F /* Utilities */ = {
			isa = PBXGroup;
			children = (
				DDF6CA7D2032FBAA47231CCF /* HapticsManager.swift */,
				F1A3239396657FD1DDFABD9C /* KeychainStore.swift */,
				305328DDD7C981AA9D131AB0 /* NavigationCoordinator.swift */,
			);
			path = Utilities;
			sourceTree = "<group>";
		};
		C499C4872ED7EA6846B3045D /* Screens */ = {
			isa = PBXGroup;
			children = (
				87AA8CBB04528FC563B6247C /* DreamCreationFlow.swift */,
				A4AB17E5355FDA9EF729379E /* DreamLibraryView.swift */,
				C745A5FECA0BF6CA73E3B544 /* HomeView.swift */,
				EAFE86E3DC92157BB54B5E3B /* ProfileView.swift */,
				50F953DBBCCF7A336290F30E /* RootTabView.swift */,
			);
			path = Screens;
			sourceTree = "<group>";
		};
		CBD59A3994E47AB7ED2F2E7A /* Networking */ = {
			isa = PBXGroup;
			children = (
				FD548CEB88308FF5951CD9E4 /* APIClient.swift */,
			);
			path = Networking;
			sourceTree = "<group>";
		};
		CEFFD3D674A2889B82C061D8 /* Services */ = {
			isa = PBXGroup;
			children = (
				8FDC59E50AF9198B1BE06B71 /* AuthService.swift */,
				5EEA40869C78213FDBDB7C0A /* DreamService.swift */,
			);
			path = Services;
			sourceTree = "<group>";
		};
		E44E0DFF7E46964DA0C989AA /* Sources */ = {
			isa = PBXGroup;
			children = (
				07C9DA004552518770BFAA9F /* DreamEchoApp.swift */,
				3D1972464F259B1B2F43EBF7 /* Configuration */,
				3C9A81F73C2FE8F34A1BDEC3 /* DesignSystem */,
				1610EE19773111814DADD9B1 /* Models */,
				CBD59A3994E47AB7ED2F2E7A /* Networking */,
				CEFFD3D674A2889B82C061D8 /* Services */,
				A6EA1F56A1E63E9BDC112D1F /* Utilities */,
				1F6FCED3D09FB8E1F893B525 /* ViewModels */,
				F9E966D9EE637F332432E280 /* Views */,
			);
			path = Sources;
			sourceTree = "<group>";
		};
		F9E966D9EE637F332432E280 /* Views */ = {
			isa = PBXGroup;
			children = (
				1D54E48A75DA3B479DFFA4AA /* Components */,
				A6A0B1547FA89F4665011D06 /* Overlays */,
				C499C4872ED7EA6846B3045D /* Screens */,
			);
			path = Views;
			sourceTree = "<group>";
		};
/* End PBXGroup section */

/* Begin PBXNativeTarget section */
		15B8D78AF3ACEF5421A44DFE /* DreamEcho */ = {
			isa = PBXNativeTarget;
			buildConfigurationList = 0DC73E48B0E66EE32C3466C8 /* Build configuration list for PBXNativeTarget "DreamEcho" */;
			buildPhases = (
				F0AE5D55A17A4A753C6F28F7 /* Sources */,
			);
			buildRules = (
			);
			dependencies = (
			);
			name = DreamEcho;
			productName = DreamEcho;
			productReference = 03F92CB74FCE323F6100343B /* DreamEcho.app */;
			productType = "com.apple.product-type.application";
		};
		DB82A6D8462ABC9EF2DAB4BD /* DreamEchoTests */ = {
			isa = PBXNativeTarget;
			buildConfigurationList = 6C60F71E0668A8B2C7D73076 /* Build configuration list for PBXNativeTarget "DreamEchoTests" */;
			buildPhases = (
				05AA8822376A624119E2A6E8 /* Sources */,
			);
			buildRules = (
			);
			dependencies = (
				71D3891AA73050DA486C6005 /* PBXTargetDependency */,
			);
			name = DreamEchoTests;
			productName = DreamEchoTests;
			productReference = ABF5373431E355E1D2F0A228 /* DreamEcho.xctest */;
			productType = "com.apple.product-type.bundle.unit-test";
		};
/* End PBXNativeTarget section */

/* Begin PBXProject section */
		B51955CFE2038E8274DD2905 /* Project object */ = {
			isa = PBXProject;
			attributes = {
				BuildIndependentTargetsInParallel = YES;
				LastUpgradeCheck = 1500;
			};
			buildConfigurationList = E72CA4D3F218E9643A2E9502 /* Build configuration list for PBXProject "DreamEcho" */;
			compatibilityVersion = "Xcode 14.0";
			developmentRegion = en;
			hasScannedForEncodings = 0;
			knownRegions = (
				Base,
				en,
			);
			mainGroup = 166A7A03253DCB6244526405;
			projectDirPath = "";
			projectRoot = "";
			targets = (
				15B8D78AF3ACEF5421A44DFE /* DreamEcho */,
				DB82A6D8462ABC9EF2DAB4BD /* DreamEchoTests */,
			);
		};
/* End PBXProject section */

/* Begin PBXSourcesBuildPhase section */
		05AA8822376A624119E2A6E8 /* Sources */ = {
			isa = PBXSourcesBuildPhase;
			buildActionMask = 2147483647;
			files = (
				617F332693EBFF9ED74EA529 /* DreamEchoAppTests.swift in Sources */,
			);
			runOnlyForDeploymentPostprocessing = 0;
		};
		F0AE5D55A17A4A753C6F28F7 /* Sources */ = {
			isa = PBXSourcesBuildPhase;
			buildActionMask = 2147483647;
			files = (
				E33B31A56EA1433A7E500FE9 /* APIClient.swift in Sources */,
				926DE5E6C258265C672DD4D9 /* AppConfiguration.swift in Sources */,
				DB480236C8E19954E3412405 /* AppState.swift in Sources */,
				B42148938A7185C50417C680 /* AuthService.swift in Sources */,
				F9FD289E1919BBCE676E7598 /* DesignSystem.swift in Sources */,
				1F5F80A36812BDCAB45651DE /* Dream.swift in Sources */,
				78ECE00913329556F8DE3254 /* DreamCreationFlow.swift in Sources */,
				12E11E398A51FD96A2075FA4 /* DreamEchoApp.swift in Sources */,
				FFE6831507823F2A8D995033 /* DreamLibraryView.swift in Sources */,
				C842B859C958364AF6BC0AC1 /* DreamService.swift in Sources */,
				EB9A2B90201404D0175D3D0D /* DreamStepIndicator.swift in Sources */,
				52DD6474C6372214E765061E /* FlowLayout.swift in Sources */,
				BA9F66B72E4EC38A84E2CA05 /* HapticsManager.swift in Sources */,
				BFCCC09EBA304421FC2ACC46 /* HomeView.swift in Sources */,
				2F7292F56A1D20424468AAEF /* KeychainStore.swift in Sources */,
				33008CB9E3361428E383D57A /* NavigationCoordinator.swift in Sources */,
				C4ED3905D112A9C5178F3AEC /* ParticleBackground.swift in Sources */,
				BF2F6040AE3C352919B4F625 /* ProfileView.swift in Sources */,
				17063CFE0D9B7A66A28950DD /* RootTabView.swift in Sources */,
				21C03F5BB8F7E48CF7FD778B /* ToastView.swift in Sources */,
				A2205C87445A0707B446893C /* USDZViewer.swift in Sources */,
			);
			runOnlyForDeploymentPostprocessing = 0;
		};
/* End PBXSourcesBuildPhase section */

/* Begin PBXTargetDependency section */
		71D3891AA73050DA486C6005 /* PBXTargetDependency */ = {
			isa = PBXTargetDependency;
			target = 15B8D78AF3ACEF5421A44DFE /* DreamEcho */;
			targetProxy = E75B81261EF9DCC635430717 /* PBXContainerItemProxy */;
		};
/* End PBXTargetDependency section */

/* Begin XCBuildConfiguration section */
		188289FBF19462E0EEAF9300 /* Release */ = {
			isa = XCBuildConfiguration;
			buildSettings = {
				ALWAYS_SEARCH_USER_PATHS = NO;
				CLANG_ANALYZER_NONNULL = YES;
				CLANG_ANALYZER_NUMBER_OBJECT_CONVERSION = YES_AGGRESSIVE;
				CLANG_CXX_LANGUAGE_STANDARD = "gnu++14";
				CLANG_CXX_LIBRARY = "libc++";
				CLANG_ENABLE_MODULES = YES;
				CLANG_ENABLE_OBJC_ARC = YES;
				CLANG_ENABLE_OBJC_WEAK = YES;
				CLANG_WARN_BLOCK_CAPTURE_AUTORELEASING = YES;
				CLANG_WARN_BOOL_CONVERSION = YES;
				CLANG_WARN_COMMA = YES;
				CLANG_WARN_CONSTANT_CONVERSION = YES;
				CLANG_WARN_DEPRECATED_OBJC_IMPLEMENTATIONS = YES;
				CLANG_WARN_DIRECT_OBJC_ISA_USAGE = YES_ERROR;
				CLANG_WARN_DOCUMENTATION_COMMENTS = YES;
				CLANG_WARN_EMPTY_BODY = YES;
				CLANG_WARN_ENUM_CONVERSION = YES;
				CLANG_WARN_INFINITE_RECURSION = YES;
				CLANG_WARN_INT_CONVERSION = YES;
				CLANG_WARN_NON_LITERAL_NULL_CONVERSION = YES;
				CLANG_WARN_OBJC_IMPLICIT_RETAIN_SELF = YES;
				CLANG_WARN_OBJC_LITERAL_CONVERSION = YES;
				CLANG_WARN_OBJC_ROOT_CLASS = YES_ERROR;
				CLANG_WARN_QUOTED_INCLUDE_IN_FRAMEWORK_HEADER = YES;
				CLANG_WARN_RANGE_LOOP_ANALYSIS = YES;
				CLANG_WARN_STRICT_PROTOTYPES = YES;
				CLANG_WARN_SUSPICIOUS_MOVE = YES;
				CLANG_WARN_UNGUARDED_AVAILABILITY = YES_AGGRESSIVE;
				CLANG_WARN_UNREACHABLE_CODE = YES;
				CLANG_WARN__DUPLICATE_METHOD_MATCH = YES;
				COPY_PHASE_STRIP = NO;
				DEBUG_INFORMATION_FORMAT = "dwarf-with-dsym";
				DEVELOPMENT_TEAM = DRM95Z373U;
				ENABLE_NS_ASSERTIONS = NO;
				ENABLE_PREVIEWS = YES;
				ENABLE_STRICT_OBJC_MSGSEND = YES;
				GCC_C_LANGUAGE_STANDARD = gnu11;
				GCC_NO_COMMON_BLOCKS = YES;
				GCC_WARN_64_TO_32_BIT_CONVERSION = YES;
				GCC_WARN_ABOUT_RETURN_TYPE = YES_ERROR;
				GCC_WARN_UNDECLARED_SELECTOR = YES;
				GCC_WARN_UNINITIALIZED_AUTOS = YES_AGGRESSIVE;
				GCC_WARN_UNUSED_FUNCTION = YES;
				GCC_WARN_UNUSED_VARIABLE = YES;
				IPHONEOS_DEPLOYMENT_TARGET = 16.0;
				MTL_ENABLE_DEBUG_INFO = NO;
				MTL_FAST_MATH = YES;
				PRODUCT_BUNDLE_IDENTIFIER = com.epwujiajun.DreamEcho;
				PRODUCT_NAME = DreamEcho;
				SDKROOT = iphoneos;
				SUPPORTS_MACCATALYST = NO;
				SWIFT_COMPILATION_MODE = wholemodule;
				SWIFT_OPTIMIZATION_LEVEL = "-O";
				SWIFT_VERSION = 5.9;
				TARGETED_DEVICE_FAMILY = "1,2";
			};
			name = Release;
		};
		7A9A8C239499E6A550534B20 /* Debug */ = {
			isa = XCBuildConfiguration;
			buildSettings = {
				BUNDLE_LOADER = "$(TEST_HOST)";
				DEVELOPMENT_TEAM = M4T239BM58;
				LD_RUNPATH_SEARCH_PATHS = (
					"$(inherited)",
					"@executable_path/Frameworks",
					"@loader_path/Frameworks",
				);
				SDKROOT = iphoneos;
				TARGETED_DEVICE_FAMILY = "1,2";
				TEST_HOST = "$(BUILT_PRODUCTS_DIR)/DreamEcho.app/DreamEcho";
			};
			name = Debug;
		};
		7EA42A22B8157C8F7F6B6613 /* Release */ = {
			isa = XCBuildConfiguration;
			buildSettings = {
				BUNDLE_LOADER = "$(TEST_HOST)";
				DEVELOPMENT_TEAM = M4T239BM58;
				LD_RUNPATH_SEARCH_PATHS = (
					"$(inherited)",
					"@executable_path/Frameworks",
					"@loader_path/Frameworks",
				);
				SDKROOT = iphoneos;
				TARGETED_DEVICE_FAMILY = "1,2";
				TEST_HOST = "$(BUILT_PRODUCTS_DIR)/DreamEcho.app/DreamEcho";
			};
			name = Release;
		};
		848E93FF5AF1CB12E7ACDCD6 /* Release */ = {
			isa = XCBuildConfiguration;
			buildSettings = {
				ASSETCATALOG_COMPILER_APPICON_NAME = AppIcon;
				CODE_SIGN_IDENTITY = "iPhone Developer";
				DEVELOPMENT_ASSET_PATHS = "\"DreamEchoApp/Preview Content\"";
				DEVELOPMENT_TEAM = M4T239BM58;
				ENABLE_PREVIEWS = YES;
				INFOPLIST_FILE = DreamEchoApp/Resources/Info.plist;
				LD_RUNPATH_SEARCH_PATHS = (
					"$(inherited)",
					"@executable_path/Frameworks",
				);
				SDKROOT = iphoneos;
				TARGETED_DEVICE_FAMILY = "1,2";
			};
			name = Release;
		};
		A3F67C3E4F7BE33B48D9B49B /* Debug */ = {
			isa = XCBuildConfiguration;
			buildSettings = {
				ALWAYS_SEARCH_USER_PATHS = NO;
				CLANG_ANALYZER_NONNULL = YES;
				CLANG_ANALYZER_NUMBER_OBJECT_CONVERSION = YES_AGGRESSIVE;
				CLANG_CXX_LANGUAGE_STANDARD = "gnu++14";
				CLANG_CXX_LIBRARY = "libc++";
				CLANG_ENABLE_MODULES = YES;
				CLANG_ENABLE_OBJC_ARC = YES;
				CLANG_ENABLE_OBJC_WEAK = YES;
				CLANG_WARN_BLOCK_CAPTURE_AUTORELEASING = YES;
				CLANG_WARN_BOOL_CONVERSION = YES;
				CLANG_WARN_COMMA = YES;
				CLANG_WARN_CONSTANT_CONVERSION = YES;
				CLANG_WARN_DEPRECATED_OBJC_IMPLEMENTATIONS = YES;
				CLANG_WARN_DIRECT_OBJC_ISA_USAGE = YES_ERROR;
				CLANG_WARN_DOCUMENTATION_COMMENTS = YES;
				CLANG_WARN_EMPTY_BODY = YES;
				CLANG_WARN_ENUM_CONVERSION = YES;
				CLANG_WARN_INFINITE_RECURSION = YES;
				CLANG_WARN_INT_CONVERSION = YES;
				CLANG_WARN_NON_LITERAL_NULL_CONVERSION = YES;
				CLANG_WARN_OBJC_IMPLICIT_RETAIN_SELF = YES;
				CLANG_WARN_OBJC_LITERAL_CONVERSION = YES;
				CLANG_WARN_OBJC_ROOT_CLASS = YES_ERROR;
				CLANG_WARN_QUOTED_INCLUDE_IN_FRAMEWORK_HEADER = YES;
				CLANG_WARN_RANGE_LOOP_ANALYSIS = YES;
				CLANG_WARN_STRICT_PROTOTYPES = YES;
				CLANG_WARN_SUSPICIOUS_MOVE = YES;
				CLANG_WARN_UNGUARDED_AVAILABILITY = YES_AGGRESSIVE;
				CLANG_WARN_UNREACHABLE_CODE = YES;
				CLANG_WARN__DUPLICATE_METHOD_MATCH = YES;
				COPY_PHASE_STRIP = NO;
				DEBUG_INFORMATION_FORMAT = dwarf;
				DEVELOPMENT_TEAM = DRM95Z373U;
				ENABLE_PREVIEWS = YES;
				ENABLE_STRICT_OBJC_MSGSEND = YES;
				ENABLE_TESTABILITY = YES;
				GCC_C_LANGUAGE_STANDARD = gnu11;
				GCC_DYNAMIC_NO_PIC = NO;
				GCC_NO_COMMON_BLOCKS = YES;
				GCC_OPTIMIZATION_LEVEL = 0;
				GCC_PREPROCESSOR_DEFINITIONS = (
					"$(inherited)",
					"DEBUG=1",
				);
				GCC_WARN_64_TO_32_BIT_CONVERSION = YES;
				GCC_WARN_ABOUT_RETURN_TYPE = YES_ERROR;
				GCC_WARN_UNDECLARED_SELECTOR = YES;
				GCC_WARN_UNINITIALIZED_AUTOS = YES_AGGRESSIVE;
				GCC_WARN_UNUSED_FUNCTION = YES;
				GCC_WARN_UNUSED_VARIABLE = YES;
				IPHONEOS_DEPLOYMENT_TARGET = 16.0;
				MTL_ENABLE_DEBUG_INFO = INCLUDE_SOURCE;
				MTL_FAST_MATH = YES;
				ONLY_ACTIVE_ARCH = YES;
				PRODUCT_BUNDLE_IDENTIFIER = com.epwujiajun.DreamEcho;
				PRODUCT_NAME = DreamEcho;
				SDKROOT = iphoneos;
				SUPPORTS_MACCATALYST = NO;
				SWIFT_ACTIVE_COMPILATION_CONDITIONS = DEBUG;
				SWIFT_OPTIMIZATION_LEVEL = "-Onone";
				SWIFT_VERSION = 5.9;
				TARGETED_DEVICE_FAMILY = "1,2";
			};
			name = Debug;
		};
		E347F7EA0AD9076EDC06CA43 /* Debug */ = {
			isa = XCBuildConfiguration;
			buildSettings = {
				ASSETCATALOG_COMPILER_APPICON_NAME = AppIcon;
				CODE_SIGN_IDENTITY = "iPhone Developer";
				DEVELOPMENT_ASSET_PATHS = "\"DreamEchoApp/Preview Content\"";
				DEVELOPMENT_TEAM = M4T239BM58;
				ENABLE_PREVIEWS = YES;
				INFOPLIST_FILE = DreamEchoApp/Resources/Info.plist;
				LD_RUNPATH_SEARCH_PATHS = (
					"$(inherited)",
					"@executable_path/Frameworks",
				);
				SDKROOT = iphoneos;
				TARGETED_DEVICE_FAMILY = "1,2";
			};
			name = Debug;
		};
/* End XCBuildConfiguration section */

/* Begin XCConfigurationList section */
		0DC73E48B0E66EE32C3466C8 /* Build configuration list for PBXNativeTarget "DreamEcho" */ = {
			isa = XCConfigurationList;
			buildConfigurations = (
				E347F7EA0AD9076EDC06CA43 /* Debug */,
				848E93FF5AF1CB12E7ACDCD6 /* Release */,
			);
			defaultConfigurationIsVisible = 0;
			defaultConfigurationName = Debug;
		};
		6C60F71E0668A8B2C7D73076 /* Build configuration list for PBXNativeTarget "DreamEchoTests" */ = {
			isa = XCConfigurationList;
			buildConfigurations = (
				7A9A8C239499E6A550534B20 /* Debug */,
				7EA42A22B8157C8F7F6B6613 /* Release */,
			);
			defaultConfigurationIsVisible = 0;
			defaultConfigurationName = Debug;
		};
		E72CA4D3F218E9643A2E9502 /* Build configuration list for PBXProject "DreamEcho" */ = {
			isa = XCConfigurationList;
			buildConfigurations = (
				A3F67C3E4F7BE33B48D9B49B /* Debug */,
				188289FBF19462E0EEAF9300 /* Release */,
			);
			defaultConfigurationIsVisible = 0;
			defaultConfigurationName = Debug;
		};
/* End XCConfigurationList section */
	};
	rootObject = B51955CFE2038E8274DD2905 /* Project object */;
}
